
Microsoft Visual Studio Solution File, Format Version 12.00
# Visual Studio Version 17
VisualStudioVersion = 17.4.33122.133
MinimumVisualStudioVersion = 10.0.40219.1
Project("{FAE04EC0-301F-11D3-BF4B-00C04F79EFBC}") = "TypesAndVariables", "TypesAndVariables\TypesAndVariables.csproj", "{69D8C2F3-31B1-4CB9-A4B5-2FBFA03939A2}"
EndProject
Project("{FAE04EC0-301F-11D3-BF4B-00C04F79EFBC}") = "Conditionals", "Conditionals\Conditionals.csproj", "{ABD07C4C-D34A-4BF9-9CCF-B804E79882E8}"
EndProject
Project("{FAE04EC0-301F-11D3-BF4B-00C04F79EFBC}") = "Methods", "Methods\Methods.csproj", "{D7117F9D-32CE-407E-B6F2-4BC4035B1EFE}"
EndProject
Project("{FAE04EC0-301F-11D3-BF4B-00C04F79EFBC}") = "Arrays", "Arrays\Arrays.csproj", "{2770DC06-57C1-49BC-A875-0A5BE5FBD696}"
EndProject
Global
	GlobalSection(SolutionConfigurationPlatforms) = preSolution
		Debug|Any CPU = Debug|Any CPU
		Release|Any CPU = Release|Any CPU
	EndGlobalSection
	GlobalSection(ProjectConfigurationPlatforms) = postSolution
		{69D8C2F3-31B1-4CB9-A4B5-2FBFA03939A2}.Debug|Any CPU.ActiveCfg = Debug|Any CPU
		{69D8C2F3-31B1-4CB9-A4B5-2FBFA03939A2}.Debug|Any CPU.Build.0 = Debug|Any CPU
		{69D8C2F3-31B1-4CB9-A4B5-2FBFA03939A2}.Release|Any CPU.ActiveCfg = Release|Any CPU
		{69D8C2F3-31B1-4CB9-A4B5-2FBFA03939A2}.Release|Any CPU.Build.0 = Release|Any CPU
		{ABD07C4C-D34A-4BF9-9CCF-B804E79882E8}.Debug|Any CPU.ActiveCfg = Debug|Any CPU
		{ABD07C4C-D34A-4BF9-9CCF-B804E79882E8}.Debug|Any CPU.Build.0 = Debug|Any CPU
		{ABD07C4C-D34A-4BF9-9CCF-B804E79882E8}.Release|Any CPU.ActiveCfg = Release|Any CPU
		{ABD07C4C-D34A-4BF9-9CCF-B804E79882E8}.Release|Any CPU.Build.0 = Release|Any CPU
		{D7117F9D-32CE-407E-B6F2-4BC4035B1EFE}.Debug|Any CPU.ActiveCfg = Debug|Any CPU
		{D7117F9D-32CE-407E-B6F2-4BC4035B1EFE}.Debug|Any CPU.Build.0 = Debug|Any CPU
		{D7117F9D-32CE-407E-B6F2-4BC4035B1EFE}.Release|Any CPU.ActiveCfg = Release|Any CPU
		{D7117F9D-32CE-407E-B6F2-4BC4035B1EFE}.Release|Any CPU.Build.0 = Release|Any CPU
		{2770DC06-57C1-49BC-A875-0A5BE5FBD696}.Debug|Any CPU.ActiveCfg = Debug|Any CPU
		{2770DC06-57C1-49BC-A875-0A5BE5FBD696}.Debug|Any CPU.Build.0 = Debug|Any CPU
		{2770DC06-57C1-49BC-A875-0A5BE5FBD696}.Release|Any CPU.ActiveCfg = Release|Any CPU
		{2770DC06-57C1-49BC-A875-0A5BE5FBD696}.Release|Any CPU.Build.0 = Release|Any CPU
	EndGlobalSection
	GlobalSection(SolutionProperties) = preSolution
		HideSolutionNode = FALSE
	EndGlobalSection
	GlobalSection(ExtensibilityGlobals) = postSolution
		SolutionGuid = {D6B39B99-1E78-415F-A00F-E8D5E8002B8B}
	EndGlobalSection
EndGlobal
